
Microsoft Visual Studio Solution File, Format Version 12.00
# Visual Studio Version 17
VisualStudioVersion = 17.5.002.0
MinimumVisualStudioVersion = 10.0.40219.1
Project("{9A19103F-16F7-4668-BE54-9A1E7A4F7556}") = "dz5_Z34", "dz5_Z34\dz5_Z34.csproj", "{4C318505-F6E1-42C6-A97D-E0BEB2BAFD79}"
EndProject
Project("{9A19103F-16F7-4668-BE54-9A1E7A4F7556}") = "dz5_Z36", "dz5_Z36\dz5_Z36.csproj", "{9B42F887-97B1-40BD-828E-8729FE7CB974}"
EndProject
Project("{9A19103F-16F7-4668-BE54-9A1E7A4F7556}") = "dz5_Z38", "dz5_Z38\dz5_Z38.csproj", "{335D7087-4C58-4397-83C2-3A2FA269CB2A}"
EndProject
Global
	GlobalSection(SolutionConfigurationPlatforms) = preSolution
		Debug|Any CPU = Debug|Any CPU
		Release|Any CPU = Release|Any CPU
	EndGlobalSection
	GlobalSection(ProjectConfigurationPlatforms) = postSolution
		{4C318505-F6E1-42C6-A97D-E0BEB2BAFD79}.Debug|Any CPU.ActiveCfg = Debug|Any CPU
		{4C318505-F6E1-42C6-A97D-E0BEB2BAFD79}.Debug|Any CPU.Build.0 = Debug|Any CPU
		{4C318505-F6E1-42C6-A97D-E0BEB2BAFD79}.Release|Any CPU.ActiveCfg = Release|Any CPU
		{4C318505-F6E1-42C6-A97D-E0BEB2BAFD79}.Release|Any CPU.Build.0 = Release|Any CPU
		{9B42F887-97B1-40BD-828E-8729FE7CB974}.Debug|Any CPU.ActiveCfg = Debug|Any CPU
		{9B42F887-97B1-40BD-828E-8729FE7CB974}.Debug|Any CPU.Build.0 = Debug|Any CPU
		{9B42F887-97B1-40BD-828E-8729FE7CB974}.Release|Any CPU.ActiveCfg = Release|Any CPU
		{9B42F887-97B1-40BD-828E-8729FE7CB974}.Release|Any CPU.Build.0 = Release|Any CPU
		{335D7087-4C58-4397-83C2-3A2FA269CB2A}.Debug|Any CPU.ActiveCfg = Debug|Any CPU
		{335D7087-4C58-4397-83C2-3A2FA269CB2A}.Debug|Any CPU.Build.0 = Debug|Any CPU
		{335D7087-4C58-4397-83C2-3A2FA269CB2A}.Release|Any CPU.ActiveCfg = Release|Any CPU
		{335D7087-4C58-4397-83C2-3A2FA269CB2A}.Release|Any CPU.Build.0 = Release|Any CPU
	EndGlobalSection
	GlobalSection(SolutionProperties) = preSolution
		HideSolutionNode = FALSE
	EndGlobalSection
	GlobalSection(ExtensibilityGlobals) = postSolution
		SolutionGuid = {183F63C7-A958-46A9-8F06-F2E45DF690CD}
	EndGlobalSection
EndGlobal
